
Microsoft Visual Studio Solution File, Format Version 12.00
# Visual Studio Version 17
VisualStudioVersion = 17.14.36301.6 d17.14
MinimumVisualStudioVersion = 10.0.40219.1
Project("{FAE04EC0-301F-11D3-BF4B-00C04F79EFBC}") = "NuvemBlue", "NuvemBlue.csproj", "{D63AC68F-87F2-4096-83CB-CF73BED3E7AC}"
EndProject
Global
	GlobalSection(SolutionConfigurationPlatforms) = preSolution
		Debug|Any CPU = Debug|Any CPU
		Release|Any CPU = Release|Any CPU
	EndGlobalSection
	GlobalSection(ProjectConfigurationPlatforms) = postSolution
		{D63AC68F-87F2-4096-83CB-CF73BED3E7AC}.Debug|Any CPU.ActiveCfg = Debug|Any CPU
		{D63AC68F-87F2-4096-83CB-CF73BED3E7AC}.Debug|Any CPU.Build.0 = Debug|Any CPU
		{D63AC68F-87F2-4096-83CB-CF73BED3E7AC}.Release|Any CPU.ActiveCfg = Release|Any CPU
		{D63AC68F-87F2-4096-83CB-CF73BED3E7AC}.Release|Any CPU.Build.0 = Release|Any CPU
	EndGlobalSection
	GlobalSection(SolutionProperties) = preSolution
		HideSolutionNode = FALSE
	EndGlobalSection
	GlobalSection(ExtensibilityGlobals) = postSolution
		SolutionGuid = {F8E7DFF1-3A01-4978-80A9-47F313F863ED}
	EndGlobalSection
EndGlobal
